
Microsoft Visual Studio Solution File, Format Version 12.00
# Visual Studio Version 16
VisualStudioVersion = 16.0.29728.190
MinimumVisualStudioVersion = 10.0.40219.1
Project("{FAE04EC0-301F-11D3-BF4B-00C04F79EFBC}") = "WEBAPI", "WEBAPI.csproj", "{862C2942-D621-464A-97C5-3A870DD538F6}"
EndProject
Project("{FAE04EC0-301F-11D3-BF4B-00C04F79EFBC}") = "WEBAPI.BAL", "..\WEBAPI.BAL\WEBAPI.BAL.csproj", "{72C53401-FD62-4ED5-88E8-F100EA85A844}"
EndProject
Project("{FAE04EC0-301F-11D3-BF4B-00C04F79EFBC}") = "WEBAPI.Model", "..\WEBAPI.Model\WEBAPI.Model.csproj", "{A6975F2F-F523-46E2-B456-2AD1785A959D}"
EndProject
Project("{FAE04EC0-301F-11D3-BF4B-00C04F79EFBC}") = "WEBAPI.DAL", "..\WEBAPI.DAL\WEBAPI.DAL.csproj", "{EB40CA7D-6DA6-4043-AB2B-B440BFD97ACD}"
EndProject
Global
	GlobalSection(SolutionConfigurationPlatforms) = preSolution
		Debug|Any CPU = Debug|Any CPU
		Release|Any CPU = Release|Any CPU
	EndGlobalSection
	GlobalSection(ProjectConfigurationPlatforms) = postSolution
		{862C2942-D621-464A-97C5-3A870DD538F6}.Debug|Any CPU.ActiveCfg = Debug|Any CPU
		{862C2942-D621-464A-97C5-3A870DD538F6}.Debug|Any CPU.Build.0 = Debug|Any CPU
		{862C2942-D621-464A-97C5-3A870DD538F6}.Release|Any CPU.ActiveCfg = Release|Any CPU
		{862C2942-D621-464A-97C5-3A870DD538F6}.Release|Any CPU.Build.0 = Release|Any CPU
		{72C53401-FD62-4ED5-88E8-F100EA85A844}.Debug|Any CPU.ActiveCfg = Debug|Any CPU
		{72C53401-FD62-4ED5-88E8-F100EA85A844}.Debug|Any CPU.Build.0 = Debug|Any CPU
		{72C53401-FD62-4ED5-88E8-F100EA85A844}.Release|Any CPU.ActiveCfg = Release|Any CPU
		{72C53401-FD62-4ED5-88E8-F100EA85A844}.Release|Any CPU.Build.0 = Release|Any CPU
		{A6975F2F-F523-46E2-B456-2AD1785A959D}.Debug|Any CPU.ActiveCfg = Debug|Any CPU
		{A6975F2F-F523-46E2-B456-2AD1785A959D}.Debug|Any CPU.Build.0 = Debug|Any CPU
		{A6975F2F-F523-46E2-B456-2AD1785A959D}.Release|Any CPU.ActiveCfg = Release|Any CPU
		{A6975F2F-F523-46E2-B456-2AD1785A959D}.Release|Any CPU.Build.0 = Release|Any CPU
		{EB40CA7D-6DA6-4043-AB2B-B440BFD97ACD}.Debug|Any CPU.ActiveCfg = Debug|Any CPU
		{EB40CA7D-6DA6-4043-AB2B-B440BFD97ACD}.Debug|Any CPU.Build.0 = Debug|Any CPU
		{EB40CA7D-6DA6-4043-AB2B-B440BFD97ACD}.Release|Any CPU.ActiveCfg = Release|Any CPU
		{EB40CA7D-6DA6-4043-AB2B-B440BFD97ACD}.Release|Any CPU.Build.0 = Release|Any CPU
	EndGlobalSection
	GlobalSection(SolutionProperties) = preSolution
		HideSolutionNode = FALSE
	EndGlobalSection
	GlobalSection(ExtensibilityGlobals) = postSolution
		SolutionGuid = {916E4A81-A97B-4858-9EB7-E39127A2F056}
	EndGlobalSection
EndGlobal
